// !$*UTF8*$!
{
	archiveVersion = 1;
	classes = {
	};
	objectVersion = 46;
	objects = {

/* Begin PBXBuildFile section */
		3DFC62951E5FDFDA00BCC916 /* AppDelegate.swift in Sources */ = {isa = PBXBuildFile; fileRef = 3DFC62941E5FDFDA00BCC916 /* AppDelegate.swift */; };
		3DFC62971E5FDFDA00BCC916 /* ViewController.swift in Sources */ = {isa = PBXBuildFile; fileRef = 3DFC62961E5FDFDA00BCC916 /* ViewController.swift */; };
		3DFC629A1E5FDFDA00BCC916 /* Main.storyboard in Resources */ = {isa = PBXBuildFile; fileRef = 3DFC62981E5FDFDA00BCC916 /* Main.storyboard */; };
		3DFC629C1E5FDFDA00BCC916 /* Assets.xcassets in Resources */ = {isa = PBXBuildFile; fileRef = 3DFC629B1E5FDFDA00BCC916 /* Assets.xcassets */; };
		3DFC629F1E5FDFDA00BCC916 /* LaunchScreen.storyboard in Resources */ = {isa = PBXBuildFile; fileRef = 3DFC629D1E5FDFDA00BCC916 /* LaunchScreen.storyboard */; };
		3DFC62AA1E5FDFDA00BCC916 /* MemeUnlimitedTests.swift in Sources */ = {isa = PBXBuildFile; fileRef = 3DFC62A91E5FDFDA00BCC916 /* MemeUnlimitedTests.swift */; };
		3DFC62B51E5FDFDA00BCC916 /* MemeUnlimitedUITests.swift in Sources */ = {isa = PBXBuildFile; fileRef = 3DFC62B41E5FDFDA00BCC916 /* MemeUnlimitedUITests.swift */; };
/* End PBXBuildFile section */

/* Begin PBXContainerItemProxy section */
		3DFC62A61E5FDFDA00BCC916 /* PBXContainerItemProxy */ = {
			isa = PBXContainerItemProxy;
			containerPortal = 3DFC62891E5FDFDA00BCC916 /* Project object */;
			proxyType = 1;
			remoteGlobalIDString = 3DFC62901E5FDFDA00BCC916;
			remoteInfo = MemeUnlimited;
		};
		3DFC62B11E5FDFDA00BCC916 /* PBXContainerItemProxy */ = {
			isa = PBXContainerItemProxy;
			containerPortal = 3DFC62891E5FDFDA00BCC916 /* Project object */;
			proxyType = 1;
			remoteGlobalIDString = 3DFC62901E5FDFDA00BCC916;
			remoteInfo = MemeUnlimited;
		};
/* End PBXContainerItemProxy section */

/* Begin PBXFileReference section */
		3DFC62911E5FDFDA00BCC916 /* MemeUnlimited.app */ = {isa = PBXFileReference; explicitFileType = wrapper.application; includeInIndex = 0; path = MemeUnlimited.app; sourceTree = BUILT_PRODUCTS_DIR; };
		3DFC62941E5FDFDA00BCC916 /* AppDelegate.swift */ = {isa = PBXFileReference; lastKnownFileType = sourcecode.swift; path = AppDelegate.swift; sourceTree = "<group>"; };
		3DFC62961E5FDFDA00BCC916 /* ViewController.swift */ = {isa = PBXFileReference; lastKnownFileType = sourcecode.swift; path = ViewController.swift; sourceTree = "<group>"; };
		3DFC62991E5FDFDA00BCC916 /* Base */ = {isa = PBXFileReference; lastKnownFileType = file.storyboard; name = Base; path = Base.lproj/Main.storyboard; sourceTree = "<group>"; };
		3DFC629B1E5FDFDA00BCC916 /* Assets.xcassets */ = {isa = PBXFileReference; lastKnownFileType = folder.assetcatalog; path = Assets.xcassets; sourceTree = "<group>"; };
		3DFC629E1E5FDFDA00BCC916 /* Base */ = {isa = PBXFileReference; lastKnownFileType = file.storyboard; name = Base; path = Base.lproj/LaunchScreen.storyboard; sourceTree = "<group>"; };
		3DFC62A01E5FDFDA00BCC916 /* Info.plist */ = {isa = PBXFileReference; lastKnownFileType = text.plist.xml; path = Info.plist; sourceTree = "<group>"; };
		3DFC62A51E5FDFDA00BCC916 /* MemeUnlimitedTests.xctest */ = {isa = PBXFileReference; explicitFileType = wrapper.cfbundle; includeInIndex = 0; path = MemeUnlimitedTests.xctest; sourceTree = BUILT_PRODUCTS_DIR; };
		3DFC62A91E5FDFDA00BCC916 /* MemeUnlimitedTests.swift */ = {isa = PBXFileReference; lastKnownFileType = sourcecode.swift; path = MemeUnlimitedTests.swift; sourceTree = "<group>"; };
		3DFC62AB1E5FDFDA00BCC916 /* Info.plist */ = {isa = PBXFileReference; lastKnownFileType = text.plist.xml; path = Info.plist; sourceTree = "<group>"; };
		3DFC62B01E5FDFDA00BCC916 /* MemeUnlimitedUITests.xctest */ = {isa = PBXFileReference; explicitFileType = wrapper.cfbundle; includeInIndex = 0; path = MemeUnlimitedUITests.xctest; sourceTree = BUILT_PRODUCTS_DIR; };
		3DFC62B41E5FDFDA00BCC916 /* MemeUnlimitedUITests.swift */ = {isa = PBXFileReference; lastKnownFileType = sourcecode.swift; path = MemeUnlimitedUITests.swift; sourceTree = "<group>"; };
		3DFC62B61E5FDFDA00BCC916 /* Info.plist */ = {isa = PBXFileReference; lastKnownFileType = text.plist.xml; path = Info.plist; sourceTree = "<group>"; };
/* End PBXFileReference section */

/* Begin PBXFrameworksBuildPhase section */
		3DFC628E1E5FDFDA00BCC916 /* Frameworks */ = {
			isa = PBXFrameworksBuildPhase;
			buildActionMask = 2147483647;
			files = (
			);
			runOnlyForDeploymentPostprocessing = 0;
		};
		3DFC62A21E5FDFDA00BCC916 /* Frameworks */ = {
			isa = PBXFrameworksBuildPhase;
			buildActionMask = 2147483647;
			files = (
			);
			runOnlyForDeploymentPostprocessing = 0;
		};
		3DFC62AD1E5FDFDA00BCC916 /* Frameworks */ = {
			isa = PBXFrameworksBuildPhase;
			buildActionMask = 2147483647;
			files = (
			);
			runOnlyForDeploymentPostprocessing = 0;
		};
/* End PBXFrameworksBuildPhase section */

/* Begin PBXGroup section */
		3DFC62881E5FDFDA00BCC916 = {
			isa = PBXGroup;
			children = (
				3DFC62931E5FDFDA00BCC916 /* MemeUnlimited */,
				3DFC62A81E5FDFDA00BCC916 /* MemeUnlimitedTests */,
				3DFC62B31E5FDFDA00BCC916 /* MemeUnlimitedUITests */,
				3DFC62921E5FDFDA00BCC916 /* Products */,
			);
			sourceTree = "<group>";
		};
		3DFC62921E5FDFDA00BCC916 /* Products */ = {
			isa = PBXGroup;
			children = (
				3DFC62911E5FDFDA00BCC916 /* MemeUnlimited.app */,
				3DFC62A51E5FDFDA00BCC916 /* MemeUnlimitedTests.xctest */,
				3DFC62B01E5FDFDA00BCC916 /* MemeUnlimitedUITests.xctest */,
			);
			name = Products;
			sourceTree = "<group>";
		};
		3DFC62931E5FDFDA00BCC916 /* MemeUnlimited */ = {
			isa = PBXGroup;
			children = (
				3DFC62941E5FDFDA00BCC916 /* AppDelegate.swift */,
				3DFC62961E5FDFDA00BCC916 /* ViewController.swift */,
				3DFC62981E5FDFDA00BCC916 /* Main.storyboard */,
				3DFC629B1E5FDFDA00BCC916 /* Assets.xcassets */,
				3DFC629D1E5FDFDA00BCC916 /* LaunchScreen.storyboard */,
				3DFC62A01E5FDFDA00BCC916 /* Info.plist */,
			);
			path = MemeUnlimited;
			sourceTree = "<group>";
		};
		3DFC62A81E5FDFDA00BCC916 /* MemeUnlimitedTests */ = {
			isa = PBXGroup;
			children = (
				3DFC62A91E5FDFDA00BCC916 /* MemeUnlimitedTests.swift */,
				3DFC62AB1E5FDFDA00BCC916 /* Info.plist */,
			);
			path = MemeUnlimitedTests;
			sourceTree = "<group>";
		};
		3DFC62B31E5FDFDA00BCC916 /* MemeUnlimitedUITests */ = {
			isa = PBXGroup;
			children = (
				3DFC62B41E5FDFDA00BCC916 /* MemeUnlimitedUITests.swift */,
				3DFC62B61E5FDFDA00BCC916 /* Info.plist */,
			);
			path = MemeUnlimitedUITests;
			sourceTree = "<group>";
		};
/* End PBXGroup section */

/* Begin PBXNativeTarget section */
		3DFC62901E5FDFDA00BCC916 /* MemeUnlimited */ = {
			isa = PBXNativeTarget;
			buildConfigurationList = 3DFC62B91E5FDFDA00BCC916 /* Build configuration list for PBXNativeTarget "MemeUnlimited" */;
			buildPhases = (
				3DFC628D1E5FDFDA00BCC916 /* Sources */,
				3DFC628E1E5FDFDA00BCC916 /* Frameworks */,
				3DFC628F1E5FDFDA00BCC916 /* Resources */,
			);
			buildRules = (
			);
			dependencies = (
			);
			name = MemeUnlimited;
			productName = MemeUnlimited;
			productReference = 3DFC62911E5FDFDA00BCC916 /* MemeUnlimited.app */;
			productType = "com.apple.product-type.application";
		};
		3DFC62A41E5FDFDA00BCC916 /* MemeUnlimitedTests */ = {
			isa = PBXNativeTarget;
			buildConfigurationList = 3DFC62BC1E5FDFDA00BCC916 /* Build configuration list for PBXNativeTarget "MemeUnlimitedTests" */;
			buildPhases = (
				3DFC62A11E5FDFDA00BCC916 /* Sources */,
				3DFC62A21E5FDFDA00BCC916 /* Frameworks */,
				3DFC62A31E5FDFDA00BCC916 /* Resources */,
			);
			buildRules = (
			);
			dependencies = (
				3DFC62A71E5FDFDA00BCC916 /* PBXTargetDependency */,
			);
			name = MemeUnlimitedTests;
			productName = MemeUnlimitedTests;
			productReference = 3DFC62A51E5FDFDA00BCC916 /* MemeUnlimitedTests.xctest */;
			productType = "com.apple.product-type.bundle.unit-test";
		};
		3DFC62AF1E5FDFDA00BCC916 /* MemeUnlimitedUITests */ = {
			isa = PBXNativeTarget;
			buildConfigurationList = 3DFC62BF1E5FDFDA00BCC916 /* Build configuration list for PBXNativeTarget "MemeUnlimitedUITests" */;
			buildPhases = (
				3DFC62AC1E5FDFDA00BCC916 /* Sources */,
				3DFC62AD1E5FDFDA00BCC916 /* Frameworks */,
				3DFC62AE1E5FDFDA00BCC916 /* Resources */,
			);
			buildRules = (
			);
			dependencies = (
				3DFC62B21E5FDFDA00BCC916 /* PBXTargetDependency */,
			);
			name = MemeUnlimitedUITests;
			productName = MemeUnlimitedUITests;
			productReference = 3DFC62B01E5FDFDA00BCC916 /* MemeUnlimitedUITests.xctest */;
			productType = "com.apple.product-type.bundle.ui-testing";
		};
/* End PBXNativeTarget section */

/* Begin PBXProject section */
		3DFC62891E5FDFDA00BCC916 /* Project object */ = {
			isa = PBXProject;
			attributes = {
				LastSwiftUpdateCheck = 0820;
				LastUpgradeCheck = 0820;
				ORGANIZATIONNAME = "Nandwate, Rohit";
				TargetAttributes = {
					3DFC62901E5FDFDA00BCC916 = {
						CreatedOnToolsVersion = 8.2.1;
						ProvisioningStyle = Automatic;
					};
					3DFC62A41E5FDFDA00BCC916 = {
						CreatedOnToolsVersion = 8.2.1;
						ProvisioningStyle = Automatic;
						TestTargetID = 3DFC62901E5FDFDA00BCC916;
					};
					3DFC62AF1E5FDFDA00BCC916 = {
						CreatedOnToolsVersion = 8.2.1;
						ProvisioningStyle = Automatic;
						TestTargetID = 3DFC62901E5FDFDA00BCC916;
					};
				};
			};
			buildConfigurationList = 3DFC628C1E5FDFDA00BCC916 /* Build configuration list for PBXProject "MemeUnlimited" */;
			compatibilityVersion = "Xcode 3.2";
			developmentRegion = English;
			hasScannedForEncodings = 0;
			knownRegions = (
				en,
				Base,
			);
			mainGroup = 3DFC62881E5FDFDA00BCC916;
			productRefGroup = 3DFC62921E5FDFDA00BCC916 /* Products */;
			projectDirPath = "";
			projectRoot = "";
			targets = (
				3DFC62901E5FDFDA00BCC916 /* MemeUnlimited */,
				3DFC62A41E5FDFDA00BCC916 /* MemeUnlimitedTests */,
				3DFC62AF1E5FDFDA00BCC916 /* MemeUnlimitedUITests */,
			);
		};
/* End PBXProject section */

/* Begin PBXResourcesBuildPhase section */
		3DFC628F1E5FDFDA00BCC916 /* Resources */ = {
			isa = PBXResourcesBuildPhase;
			buildActionMask = 2147483647;
			files = (
				3DFC629F1E5FDFDA00BCC916 /* LaunchScreen.storyboard in Resources */,
				3DFC629C1E5FDFDA00BCC916 /* Assets.xcassets in Resources */,
				3DFC629A1E5FDFDA00BCC916 /* Main.storyboard in Resources */,
			);
			runOnlyForDeploymentPostprocessing = 0;
		};
		3DFC62A31E5FDFDA00BCC916 /* Resources */ = {
			isa = PBXResourcesBuildPhase;
			buildActionMask = 2147483647;
			files = (
			);
			runOnlyForDeploymentPostprocessing = 0;
		};
		3DFC62AE1E5FDFDA00BCC916 /* Resources */ = {
			isa = PBXResourcesBuildPhase;
			buildActionMask = 2147483647;
			files = (
			);
			runOnlyForDeploymentPostprocessing = 0;
		};
/* End PBXResourcesBuildPhase section */

/* Begin PBXSourcesBuildPhase section */
		3DFC628D1E5FDFDA00BCC916 /* Sources */ = {
			isa = PBXSourcesBuildPhase;
			buildActionMask = 2147483647;
			files = (
				3DFC62971E5FDFDA00BCC916 /* ViewController.swift in Sources */,
				3DFC62951E5FDFDA00BCC916 /* AppDelegate.swift in Sources */,
			);
			runOnlyForDeploymentPostprocessing = 0;
		};
		3DFC62A11E5FDFDA00BCC916 /* Sources */ = {
			isa = PBXSourcesBuildPhase;
			buildActionMask = 2147483647;
			files = (
				3DFC62AA1E5FDFDA00BCC916 /* MemeUnlimitedTests.swift in Sources */,
			);
			runOnlyForDeploymentPostprocessing = 0;
		};
		3DFC62AC1E5FDFDA00BCC916 /* Sources */ = {
			isa = PBXSourcesBuildPhase;
			buildActionMask = 2147483647;
			files = (
				3DFC62B51E5FDFDA00BCC916 /* MemeUnlimitedUITests.swift in Sources */,
			);
			runOnlyForDeploymentPostprocessing = 0;
		};
/* End PBXSourcesBuildPhase section */

/* Begin PBXTargetDependency section */
		3DFC62A71E5FDFDA00BCC916 /* PBXTargetDependency */ = {
			isa = PBXTargetDependency;
			target = 3DFC62901E5FDFDA00BCC916 /* MemeUnlimited */;
			targetProxy = 3DFC62A61E5FDFDA00BCC916 /* PBXContainerItemProxy */;
		};
		3DFC62B21E5FDFDA00BCC916 /* PBXTargetDependency */ = {
			isa = PBXTargetDependency;
			target = 3DFC62901E5FDFDA00BCC916 /* MemeUnlimited */;
			targetProxy = 3DFC62B11E5FDFDA00BCC916 /* PBXContainerItemProxy */;
		};
/* End PBXTargetDependency section */

/* Begin PBXVariantGroup section */
		3DFC62981E5FDFDA00BCC916 /* Main.storyboard */ = {
			isa = PBXVariantGroup;
			children = (
				3DFC62991E5FDFDA00BCC916 /* Base */,
			);
			name = Main.storyboard;
			sourceTree = "<group>";
		};
		3DFC629D1E5FDFDA00BCC916 /* LaunchScreen.storyboard */ = {
			isa = PBXVariantGroup;
			children = (
				3DFC629E1E5FDFDA00BCC916 /* Base */,
			);
			name = LaunchScreen.storyboard;
			sourceTree = "<group>";
		};
/* End PBXVariantGroup section */

/* Begin XCBuildConfiguration section */
		3DFC62B71E5FDFDA00BCC916 /* Debug */ = {
			isa = XCBuildConfiguration;
			buildSettings = {
				ALWAYS_SEARCH_USER_PATHS = NO;
				CLANG_ANALYZER_NONNULL = YES;
				CLANG_CXX_LANGUAGE_STANDARD = "gnu++0x";
				CLANG_CXX_LIBRARY = "libc++";
				CLANG_ENABLE_MODULES = YES;
				CLANG_ENABLE_OBJC_ARC = YES;
				CLANG_WARN_BOOL_CONVERSION = YES;
				CLANG_WARN_CONSTANT_CONVERSION = YES;
				CLANG_WARN_DIRECT_OBJC_ISA_USAGE = YES_ERROR;
				CLANG_WARN_DOCUMENTATION_COMMENTS = YES;
				CLANG_WARN_EMPTY_BODY = YES;
				CLANG_WARN_ENUM_CONVERSION = YES;
				CLANG_WARN_INFINITE_RECURSION = YES;
				CLANG_WARN_INT_CONVERSION = YES;
				CLANG_WARN_OBJC_ROOT_CLASS = YES_ERROR;
				CLANG_WARN_SUSPICIOUS_MOVE = YES;
				CLANG_WARN_UNREACHABLE_CODE = YES;
				CLANG_WARN__DUPLICATE_METHOD_MATCH = YES;
				"CODE_SIGN_IDENTITY[sdk=iphoneos*]" = "iPhone Developer";
				COPY_PHASE_STRIP = NO;
				DEBUG_INFORMATION_FORMAT = dwarf;
				ENABLE_STRICT_OBJC_MSGSEND = YES;
				ENABLE_TESTABILITY = YES;
				GCC_C_LANGUAGE_STANDARD = gnu99;
				GCC_DYNAMIC_NO_PIC = NO;
				GCC_NO_COMMON_BLOCKS = YES;
				GCC_OPTIMIZATION_LEVEL = 0;
				GCC_PREPROCESSOR_DEFINITIONS = (
					"DEBUG=1",
					"$(inherited)",
				);
				GCC_WARN_64_TO_32_BIT_CONVERSION = YES;
				GCC_WARN_ABOUT_RETURN_TYPE = YES_ERROR;
				GCC_WARN_UNDECLARED_SELECTOR = YES;
				GCC_WARN_UNINITIALIZED_AUTOS = YES_AGGRESSIVE;
				GCC_WARN_UNUSED_FUNCTION = YES;
				GCC_WARN_UNUSED_VARIABLE = YES;
				IPHONEOS_DEPLOYMENT_TARGET = 10.2;
				MTL_ENABLE_DEBUG_INFO = YES;
				ONLY_ACTIVE_ARCH = YES;
				SDKROOT = iphoneos;
				SWIFT_ACTIVE_COMPILATION_CONDITIONS = DEBUG;
				SWIFT_OPTIMIZATION_LEVEL = "-Onone";
				TARGETED_DEVICE_FAMILY = "1,2";
			};
			name = Debug;
		};
		3DFC62B81E5FDFDA00BCC916 /* Release */ = {
			isa = XCBuildConfiguration;
			buildSettings = {
				ALWAYS_SEARCH_USER_PATHS = NO;
				CLANG_ANALYZER_NONNULL = YES;
				CLANG_CXX_LANGUAGE_STANDARD = "gnu++0x";
				CLANG_CXX_LIBRARY = "libc++";
				CLANG_ENABLE_MODULES = YES;
				CLANG_ENABLE_OBJC_ARC = YES;
				CLANG_WARN_BOOL_CONVERSION = YES;
				CLANG_WARN_CONSTANT_CONVERSION = YES;
				CLANG_WARN_DIRECT_OBJC_ISA_USAGE = YES_ERROR;
				CLANG_WARN_DOCUMENTATION_COMMENTS = YES;
				CLANG_WARN_EMPTY_BODY = YES;
				CLANG_WARN_ENUM_CONVERSION = YES;
				CLANG_WARN_INFINITE_RECURSION = YES;
				CLANG_WARN_INT_CONVERSION = YES;
				CLANG_WARN_OBJC_ROOT_CLASS = YES_ERROR;
				CLANG_WARN_SUSPICIOUS_MOVE = YES;
				CLANG_WARN_UNREACHABLE_CODE = YES;
				CLANG_WARN__DUPLICATE_METHOD_MATCH = YES;
				"CODE_SIGN_IDENTITY[sdk=iphoneos*]" = "iPhone Developer";
				COPY_PHASE_STRIP = NO;
				DEBUG_INFORMATION_FORMAT = "dwarf-with-dsym";
				ENABLE_NS_ASSERTIONS = NO;
				ENABLE_STRICT_OBJC_MSGSEND = YES;
				GCC_C_LANGUAGE_STANDARD = gnu99;
				GCC_NO_COMMON_BLOCKS = YES;
				GCC_WARN_64_TO_32_BIT_CONVERSION = YES;
				GCC_WARN_ABOUT_RETURN_TYPE = YES_ERROR;
				GCC_WARN_UNDECLARED_SELECTOR = YES;
				GCC_WARN_UNINITIALIZED_AUTOS = YES_AGGRESSIVE;
				GCC_WARN_UNUSED_FUNCTION = YES;
				GCC_WARN_UNUSED_VARIABLE = YES;
				IPHONEOS_DEPLOYMENT_TARGET = 10.2;
				MTL_ENABLE_DEBUG_INFO = NO;
				SDKROOT = iphoneos;
				SWIFT_OPTIMIZATION_LEVEL = "-Owholemodule";
				TARGETED_DEVICE_FAMILY = "1,2";
				VALIDATE_PRODUCT = YES;
			};
			name = Release;
		};
		3DFC62BA1E5FDFDA00BCC916 /* Debug */ = {
			isa = XCBuildConfiguration;
			buildSettings = {
				ASSETCATALOG_COMPILER_APPICON_NAME = AppIcon;
				INFOPLIST_FILE = MemeUnlimited/Info.plist;
				LD_RUNPATH_SEARCH_PATHS = "$(inherited) @executable_path/Frameworks";
				PRODUCT_BUNDLE_IDENTIFIER = com.rhn.MemeUnlimited;
				PRODUCT_NAME = "$(TARGET_NAME)";
				SWIFT_VERSION = 3.0;
			};
			name = Debug;
		};
		3DFC62BB1E5FDFDA00BCC916 /* Release */ = {
			isa = XCBuildConfiguration;
			buildSettings = {
				ASSETCATALOG_COMPILER_APPICON_NAME = AppIcon;
				INFOPLIST_FILE = MemeUnlimited/Info.plist;
				LD_RUNPATH_SEARCH_PATHS = "$(inherited) @executable_path/Frameworks";
				PRODUCT_BUNDLE_IDENTIFIER = com.rhn.MemeUnlimited;
				PRODUCT_NAME = "$(TARGET_NAME)";
				SWIFT_VERSION = 3.0;
			};
			name = Release;
		};
		3DFC62BD1E5FDFDA00BCC916 /* Debug */ = {
			isa = XCBuildConfiguration;
			buildSettings = {
				ALWAYS_EMBED_SWIFT_STANDARD_LIBRARIES = YES;
				BUNDLE_LOADER = "$(TEST_HOST)";
				INFOPLIST_FILE = MemeUnlimitedTests/Info.plist;
				LD_RUNPATH_SEARCH_PATHS = "$(inherited) @executable_path/Frameworks @loader_path/Frameworks";
				PRODUCT_BUNDLE_IDENTIFIER = com.rhn.MemeUnlimitedTests;
				PRODUCT_NAME = "$(TARGET_NAME)";
				SWIFT_VERSION = 3.0;
				TEST_HOST = "$(BUILT_PRODUCTS_DIR)/MemeUnlimited.app/MemeUnlimited";
			};
			name = Debug;
		};
		3DFC62BE1E5FDFDA00BCC916 /* Release */ = {
			isa = XCBuildConfiguration;
			buildSettings = {
				ALWAYS_EMBED_SWIFT_STANDARD_LIBRARIES = YES;
				BUNDLE_LOADER = "$(TEST_HOST)";
				INFOPLIST_FILE = MemeUnlimitedTests/Info.plist;
				LD_RUNPATH_SEARCH_PATHS = "$(inherited) @executable_path/Frameworks @loader_path/Frameworks";
				PRODUCT_BUNDLE_IDENTIFIER = com.rhn.MemeUnlimitedTests;
				PRODUCT_NAME = "$(TARGET_NAME)";
				SWIFT_VERSION = 3.0;
				TEST_HOST = "$(BUILT_PRODUCTS_DIR)/MemeUnlimited.app/MemeUnlimited";
			};
			name = Release;
		};
		3DFC62C01E5FDFDA00BCC916 /* Debug */ = {
			isa = XCBuildConfiguration;
			buildSettings = {
				ALWAYS_EMBED_SWIFT_STANDARD_LIBRARIES = YES;
				INFOPLIST_FILE = MemeUnlimitedUITests/Info.plist;
				LD_RUNPATH_SEARCH_PATHS = "$(inherited) @executable_path/Frameworks @loader_path/Frameworks";
				PRODUCT_BUNDLE_IDENTIFIER = com.rhn.MemeUnlimitedUITests;
				PRODUCT_NAME = "$(TARGET_NAME)";
				SWIFT_VERSION = 3.0;
				TEST_TARGET_NAME = MemeUnlimited;
			};
			name = Debug;
		};
		3DFC62C11E5FDFDA00BCC916 /* Release */ = {
			isa = XCBuildConfiguration;
			buildSettings = {
				ALWAYS_EMBED_SWIFT_STANDARD_LIBRARIES = YES;
				INFOPLIST_FILE = MemeUnlimitedUITests/Info.plist;
				LD_RUNPATH_SEARCH_PATHS = "$(inherited) @executable_path/Frameworks @loader_path/Frameworks";
				PRODUCT_BUNDLE_IDENTIFIER = com.rhn.MemeUnlimitedUITests;
				PRODUCT_NAME = "$(TARGET_NAME)";
				SWIFT_VERSION = 3.0;
				TEST_TARGET_NAME = MemeUnlimited;
			};
			name = Release;
		};
/* End XCBuildConfiguration section */

/* Begin XCConfigurationList section */
		3DFC628C1E5FDFDA00BCC916 /* Build configuration list for PBXProject "MemeUnlimited" */ = {
			isa = XCConfigurationList;
			buildConfigurations = (
				3DFC62B71E5FDFDA00BCC916 /* Debug */,
				3DFC62B81E5FDFDA00BCC916 /* Release */,
			);
			defaultConfigurationIsVisible = 0;
			defaultConfigurationName = Release;
		};
		3DFC62B91E5FDFDA00BCC916 /* Build configuration list for PBXNativeTarget "MemeUnlimited" */ = {
			isa = XCConfigurationList;
			buildConfigurations = (
				3DFC62BA1E5FDFDA00BCC916 /* Debug */,
				3DFC62BB1E5FDFDA00BCC916 /* Release */,
			);
			defaultConfigurationIsVisible = 0;
			defaultConfigurationName = Release;
		};
		3DFC62BC1E5FDFDA00BCC916 /* Build configuration list for PBXNativeTarget "MemeUnlimitedTests" */ = {
			isa = XCConfigurationList;
			buildConfigurations = (
				3DFC62BD1E5FDFDA00BCC916 /* Debug */,
				3DFC62BE1E5FDFDA00BCC916 /* Release */,
			);
			defaultConfigurationIsVisible = 0;
			defaultConfigurationName = Release;
		};
		3DFC62BF1E5FDFDA00BCC916 /* Build configuration list for PBXNativeTarget "MemeUnlimitedUITests" */ = {
			isa = XCConfigurationList;
			buildConfigurations = (
				3DFC62C01E5FDFDA00BCC916 /* Debug */,
				3DFC62C11E5FDFDA00BCC916 /* Release */,
			);
			defaultConfigurationIsVisible = 0;
			defaultConfigurationName = Release;
		};
/* End XCConfigurationList section */
	};
	rootObject = 3DFC62891E5FDFDA00BCC916 /* Project object */;
}
